
Microsoft Visual Studio Solution File, Format Version 12.00
# Visual Studio Version 17
VisualStudioVersion = 17.1.32421.90
MinimumVisualStudioVersion = 10.0.40219.1
Project("{2150E333-8FDC-42A3-9474-1A3956D46DE8}") = "FrontEnd", "FrontEnd", "{FE19DD96-CE9A-4C77-9D8A-5295C983AF7C}"
EndProject
Project("{9A19103F-16F7-4668-BE54-9A1E7A4F7556}") = "Mango.Web", "Mango.Web\Mango.Web.csproj", "{61F60BFF-0652-406F-8236-B6D03BDFA9B1}"
EndProject
Project("{2150E333-8FDC-42A3-9474-1A3956D46DE8}") = "Services", "Services", "{1AC09660-A017-437C-8D2D-C83D8E291F34}"
EndProject
Project("{9A19103F-16F7-4668-BE54-9A1E7A4F7556}") = "Mango.Services.ProductAPI", "Mango.Services.ProductAPI\Mango.Services.ProductAPI.csproj", "{E3AD6B82-E969-430E-82BE-7C11083997C6}"
EndProject
Project("{9A19103F-16F7-4668-BE54-9A1E7A4F7556}") = "Mango.Services.Identity", "Mango.Services.Identity\Mango.Services.Identity.csproj", "{B80C766B-0FFB-492B-A59F-C1F0F90C5760}"
EndProject
Project("{9A19103F-16F7-4668-BE54-9A1E7A4F7556}") = "Mango.Services.ShoppingCartAPI", "Mango.Services.ShoppingCartAPI\Mango.Services.ShoppingCartAPI.csproj", "{099A9BCC-C54C-44BB-8E97-306A0BD5E518}"
EndProject
Project("{9A19103F-16F7-4668-BE54-9A1E7A4F7556}") = "Mango.Services.CouponAPI", "Mango.Services.CouponAPI\Mango.Services.CouponAPI.csproj", "{40100F20-82B3-4027-870A-9C8C8A970492}"
EndProject
Project("{2150E333-8FDC-42A3-9474-1A3956D46DE8}") = "Integration", "Integration", "{C99884EC-26F9-42F6-9366-D38AA507A0E7}"
EndProject
Project("{9A19103F-16F7-4668-BE54-9A1E7A4F7556}") = "Mango.MessageBus", "Mango.MessageBus\Mango.MessageBus.csproj", "{90D98C03-6F5E-4CB1-BC6A-DE75FE9FA5A8}"
EndProject
Project("{9A19103F-16F7-4668-BE54-9A1E7A4F7556}") = "Mango.Services.OrderAPI", "Mango.Services.OrderAPI\Mango.Services.OrderAPI.csproj", "{C47F483A-0FFD-45B0-8B89-093793E1593B}"
EndProject
Project("{2150E333-8FDC-42A3-9474-1A3956D46DE8}") = "Payments", "Payments", "{151FD07E-7FB8-449D-822F-564B531DDCD0}"
EndProject
Project("{9A19103F-16F7-4668-BE54-9A1E7A4F7556}") = "PaymentProcessor", "PaymentProcessor\PaymentProcessor.csproj", "{E803A078-842D-460D-8E40-7226A2103C11}"
EndProject
Project("{9A19103F-16F7-4668-BE54-9A1E7A4F7556}") = "Mango.Services.PaymentAPI", "Mango.Services.PaymentAPI\Mango.Services.PaymentAPI.csproj", "{F2445A13-FCE5-48D6-A1DB-06EDD694C735}"
EndProject
Project("{FAE04EC0-301F-11D3-BF4B-00C04F79EFBC}") = "Mango.Service.Email", "Mango.Service.Email\Mango.Service.Email.csproj", "{850CD432-20AC-4752-9E44-3E0FBF9477CC}"
EndProject
Project("{2150E333-8FDC-42A3-9474-1A3956D46DE8}") = "Gateway", "Gateway", "{E287206A-3D0B-4F38-B881-651937DB2C35}"
EndProject
Project("{FAE04EC0-301F-11D3-BF4B-00C04F79EFBC}") = "Mango.Gateway", "Mango.Gateway\Mango.Gateway.csproj", "{4F07E478-1396-45AE-A863-18459139ABEE}"
EndProject
Global
	GlobalSection(SolutionConfigurationPlatforms) = preSolution
		Debug|Any CPU = Debug|Any CPU
		Release|Any CPU = Release|Any CPU
	EndGlobalSection
	GlobalSection(ProjectConfigurationPlatforms) = postSolution
		{61F60BFF-0652-406F-8236-B6D03BDFA9B1}.Debug|Any CPU.ActiveCfg = Debug|Any CPU
		{61F60BFF-0652-406F-8236-B6D03BDFA9B1}.Debug|Any CPU.Build.0 = Debug|Any CPU
		{61F60BFF-0652-406F-8236-B6D03BDFA9B1}.Release|Any CPU.ActiveCfg = Release|Any CPU
		{61F60BFF-0652-406F-8236-B6D03BDFA9B1}.Release|Any CPU.Build.0 = Release|Any CPU
		{E3AD6B82-E969-430E-82BE-7C11083997C6}.Debug|Any CPU.ActiveCfg = Debug|Any CPU
		{E3AD6B82-E969-430E-82BE-7C11083997C6}.Debug|Any CPU.Build.0 = Debug|Any CPU
		{E3AD6B82-E969-430E-82BE-7C11083997C6}.Release|Any CPU.ActiveCfg = Release|Any CPU
		{E3AD6B82-E969-430E-82BE-7C11083997C6}.Release|Any CPU.Build.0 = Release|Any CPU
		{B80C766B-0FFB-492B-A59F-C1F0F90C5760}.Debug|Any CPU.ActiveCfg = Debug|Any CPU
		{B80C766B-0FFB-492B-A59F-C1F0F90C5760}.Debug|Any CPU.Build.0 = Debug|Any CPU
		{B80C766B-0FFB-492B-A59F-C1F0F90C5760}.Release|Any CPU.ActiveCfg = Release|Any CPU
		{B80C766B-0FFB-492B-A59F-C1F0F90C5760}.Release|Any CPU.Build.0 = Release|Any CPU
		{099A9BCC-C54C-44BB-8E97-306A0BD5E518}.Debug|Any CPU.ActiveCfg = Debug|Any CPU
		{099A9BCC-C54C-44BB-8E97-306A0BD5E518}.Debug|Any CPU.Build.0 = Debug|Any CPU
		{099A9BCC-C54C-44BB-8E97-306A0BD5E518}.Release|Any CPU.ActiveCfg = Release|Any CPU
		{099A9BCC-C54C-44BB-8E97-306A0BD5E518}.Release|Any CPU.Build.0 = Release|Any CPU
		{40100F20-82B3-4027-870A-9C8C8A970492}.Debug|Any CPU.ActiveCfg = Debug|Any CPU
		{40100F20-82B3-4027-870A-9C8C8A970492}.Debug|Any CPU.Build.0 = Debug|Any CPU
		{40100F20-82B3-4027-870A-9C8C8A970492}.Release|Any CPU.ActiveCfg = Release|Any CPU
		{40100F20-82B3-4027-870A-9C8C8A970492}.Release|Any CPU.Build.0 = Release|Any CPU
		{90D98C03-6F5E-4CB1-BC6A-DE75FE9FA5A8}.Debug|Any CPU.ActiveCfg = Debug|Any CPU
		{90D98C03-6F5E-4CB1-BC6A-DE75FE9FA5A8}.Debug|Any CPU.Build.0 = Debug|Any CPU
		{90D98C03-6F5E-4CB1-BC6A-DE75FE9FA5A8}.Release|Any CPU.ActiveCfg = Release|Any CPU
		{90D98C03-6F5E-4CB1-BC6A-DE75FE9FA5A8}.Release|Any CPU.Build.0 = Release|Any CPU
		{C47F483A-0FFD-45B0-8B89-093793E1593B}.Debug|Any CPU.ActiveCfg = Debug|Any CPU
		{C47F483A-0FFD-45B0-8B89-093793E1593B}.Debug|Any CPU.Build.0 = Debug|Any CPU
		{C47F483A-0FFD-45B0-8B89-093793E1593B}.Release|Any CPU.ActiveCfg = Release|Any CPU
		{C47F483A-0FFD-45B0-8B89-093793E1593B}.Release|Any CPU.Build.0 = Release|Any CPU
		{E803A078-842D-460D-8E40-7226A2103C11}.Debug|Any CPU.ActiveCfg = Debug|Any CPU
		{E803A078-842D-460D-8E40-7226A2103C11}.Debug|Any CPU.Build.0 = Debug|Any CPU
		{E803A078-842D-460D-8E40-7226A2103C11}.Release|Any CPU.ActiveCfg = Release|Any CPU
		{E803A078-842D-460D-8E40-7226A2103C11}.Release|Any CPU.Build.0 = Release|Any CPU
		{F2445A13-FCE5-48D6-A1DB-06EDD694C735}.Debug|Any CPU.ActiveCfg = Debug|Any CPU
		{F2445A13-FCE5-48D6-A1DB-06EDD694C735}.Debug|Any CPU.Build.0 = Debug|Any CPU
		{F2445A13-FCE5-48D6-A1DB-06EDD694C735}.Release|Any CPU.ActiveCfg = Release|Any CPU
		{F2445A13-FCE5-48D6-A1DB-06EDD694C735}.Release|Any CPU.Build.0 = Release|Any CPU
		{850CD432-20AC-4752-9E44-3E0FBF9477CC}.Debug|Any CPU.ActiveCfg = Debug|Any CPU
		{850CD432-20AC-4752-9E44-3E0FBF9477CC}.Debug|Any CPU.Build.0 = Debug|Any CPU
		{850CD432-20AC-4752-9E44-3E0FBF9477CC}.Release|Any CPU.ActiveCfg = Release|Any CPU
		{850CD432-20AC-4752-9E44-3E0FBF9477CC}.Release|Any CPU.Build.0 = Release|Any CPU
		{4F07E478-1396-45AE-A863-18459139ABEE}.Debug|Any CPU.ActiveCfg = Debug|Any CPU
		{4F07E478-1396-45AE-A863-18459139ABEE}.Debug|Any CPU.Build.0 = Debug|Any CPU
		{4F07E478-1396-45AE-A863-18459139ABEE}.Release|Any CPU.ActiveCfg = Release|Any CPU
		{4F07E478-1396-45AE-A863-18459139ABEE}.Release|Any CPU.Build.0 = Release|Any CPU
	EndGlobalSection
	GlobalSection(SolutionProperties) = preSolution
		HideSolutionNode = FALSE
	EndGlobalSection
	GlobalSection(NestedProjects) = preSolution
		{61F60BFF-0652-406F-8236-B6D03BDFA9B1} = {FE19DD96-CE9A-4C77-9D8A-5295C983AF7C}
		{E3AD6B82-E969-430E-82BE-7C11083997C6} = {1AC09660-A017-437C-8D2D-C83D8E291F34}
		{B80C766B-0FFB-492B-A59F-C1F0F90C5760} = {1AC09660-A017-437C-8D2D-C83D8E291F34}
		{099A9BCC-C54C-44BB-8E97-306A0BD5E518} = {1AC09660-A017-437C-8D2D-C83D8E291F34}
		{40100F20-82B3-4027-870A-9C8C8A970492} = {1AC09660-A017-437C-8D2D-C83D8E291F34}
		{90D98C03-6F5E-4CB1-BC6A-DE75FE9FA5A8} = {C99884EC-26F9-42F6-9366-D38AA507A0E7}
		{C47F483A-0FFD-45B0-8B89-093793E1593B} = {1AC09660-A017-437C-8D2D-C83D8E291F34}
		{E803A078-842D-460D-8E40-7226A2103C11} = {151FD07E-7FB8-449D-822F-564B531DDCD0}
		{F2445A13-FCE5-48D6-A1DB-06EDD694C735} = {1AC09660-A017-437C-8D2D-C83D8E291F34}
		{850CD432-20AC-4752-9E44-3E0FBF9477CC} = {1AC09660-A017-437C-8D2D-C83D8E291F34}
		{4F07E478-1396-45AE-A863-18459139ABEE} = {E287206A-3D0B-4F38-B881-651937DB2C35}
	EndGlobalSection
	GlobalSection(ExtensibilityGlobals) = postSolution
		SolutionGuid = {D6FA9F38-F9FE-408B-8B86-3F39AEF637DC}
	EndGlobalSection
EndGlobal
